// !$*UTF8*$!
{
	archiveVersion = 1;
	classes = {
	};
	objectVersion = 46;
	objects = {

/* Begin PBXBuildFile section */
		7F5E816D1CFACCDC00A64150 /* main.m in Sources */ = {isa = PBXBuildFile; fileRef = 7F5E816C1CFACCDC00A64150 /* main.m */; };
		7F5E81781CFACCDC00A64150 /* Assets.xcassets in Resources */ = {isa = PBXBuildFile; fileRef = 7F5E81771CFACCDC00A64150 /* Assets.xcassets */; };
		7F5E81861CFACCDC00A64150 /* BSBDJTests.m in Sources */ = {isa = PBXBuildFile; fileRef = 7F5E81851CFACCDC00A64150 /* BSBDJTests.m */; };
		7F5E81911CFACCDC00A64150 /* BSBDJUITests.m in Sources */ = {isa = PBXBuildFile; fileRef = 7F5E81901CFACCDC00A64150 /* BSBDJUITests.m */; };
		7F5E81B91CFAD08900A64150 /* AppDelegate.m in Sources */ = {isa = PBXBuildFile; fileRef = 7F5E81A11CFAD08900A64150 /* AppDelegate.m */; };
		7F5E81BC1CFAD15300A64150 /* TabBarController.m in Sources */ = {isa = PBXBuildFile; fileRef = 7F5E81BB1CFAD15300A64150 /* TabBarController.m */; };
		7F5E81BF1CFAD2D400A64150 /* NavigationController.m in Sources */ = {isa = PBXBuildFile; fileRef = 7F5E81BE1CFAD2D400A64150 /* NavigationController.m */; };
		7F5E81C21CFAD61400A64150 /* TabBar.m in Sources */ = {isa = PBXBuildFile; fileRef = 7F5E81C11CFAD61400A64150 /* TabBar.m */; };
		7F5E81CC1CFADFE900A64150 /* Const.m in Sources */ = {isa = PBXBuildFile; fileRef = 7F5E81CB1CFADFE900A64150 /* Const.m */; };
		7F5E81CF1CFAE22100A64150 /* EssenceViewController.m in Sources */ = {isa = PBXBuildFile; fileRef = 7F5E81CE1CFAE22100A64150 /* EssenceViewController.m */; };
		7F5E81D21CFAE23600A64150 /* FollowViewController.m in Sources */ = {isa = PBXBuildFile; fileRef = 7F5E81D11CFAE23600A64150 /* FollowViewController.m */; };
		7F5E81D51CFAE24700A64150 /* MeViewController.m in Sources */ = {isa = PBXBuildFile; fileRef = 7F5E81D41CFAE24700A64150 /* MeViewController.m */; };
		7F5E81D81CFAE25900A64150 /* CommentViewController.m in Sources */ = {isa = PBXBuildFile; fileRef = 7F5E81D71CFAE25900A64150 /* CommentViewController.m */; };
		7F5E81DB1CFAE2DD00A64150 /* NewViewController.m in Sources */ = {isa = PBXBuildFile; fileRef = 7F5E81DA1CFAE2DD00A64150 /* NewViewController.m */; };
		7F5E81E41CFAEAE900A64150 /* UIBarButtonItem+Extension.m in Sources */ = {isa = PBXBuildFile; fileRef = 7F5E81E11CFAEAE900A64150 /* UIBarButtonItem+Extension.m */; };
		7F5E81E51CFAEAE900A64150 /* UIView+Frame.m in Sources */ = {isa = PBXBuildFile; fileRef = 7F5E81E31CFAEAE900A64150 /* UIView+Frame.m */; };
		7F5E81E81CFB17D600A64150 /* MeCell.m in Sources */ = {isa = PBXBuildFile; fileRef = 7F5E81E71CFB17D600A64150 /* MeCell.m */; };
		7F5E81EE1CFB1EE100A64150 /* MeFooterView.m in Sources */ = {isa = PBXBuildFile; fileRef = 7F5E81ED1CFB1EE100A64150 /* MeFooterView.m */; };
		7F5E81F11CFB254700A64150 /* MeModel.m in Sources */ = {isa = PBXBuildFile; fileRef = 7F5E81F01CFB254700A64150 /* MeModel.m */; };
		7F5E81F41CFB37BB00A64150 /* MeSguareButton.m in Sources */ = {isa = PBXBuildFile; fileRef = 7F5E81F31CFB37BB00A64150 /* MeSguareButton.m */; };
		7F5E81F81CFB419C00A64150 /* MeWebViewController.m in Sources */ = {isa = PBXBuildFile; fileRef = 7F5E81F61CFB419C00A64150 /* MeWebViewController.m */; };
		7F5E81F91CFB419C00A64150 /* MeWebViewController.xib in Resources */ = {isa = PBXBuildFile; fileRef = 7F5E81F71CFB419C00A64150 /* MeWebViewController.xib */; };
		BD80FD11569E4AB7A957D852 /* Pods_BSBDJ.framework in Frameworks */ = {isa = PBXBuildFile; fileRef = 0DAC2D4F38ADA2D60AD9889F /* Pods_BSBDJ.framework */; };
/* End PBXBuildFile section */

/* Begin PBXContainerItemProxy section */
		7F5E81821CFACCDC00A64150 /* PBXContainerItemProxy */ = {
			isa = PBXContainerItemProxy;
			containerPortal = 7F5E81601CFACCDC00A64150 /* Project object */;
			proxyType = 1;
			remoteGlobalIDString = 7F5E81671CFACCDC00A64150;
			remoteInfo = BSBDJ;
		};
		7F5E818D1CFACCDC00A64150 /* PBXContainerItemProxy */ = {
			isa = PBXContainerItemProxy;
			containerPortal = 7F5E81601CFACCDC00A64150 /* Project object */;
			proxyType = 1;
			remoteGlobalIDString = 7F5E81671CFACCDC00A64150;
			remoteInfo = BSBDJ;
		};
/* End PBXContainerItemProxy section */

/* Begin PBXFileReference section */
		06F18AAB1C96CE5207210992 /* Pods-BSBDJ.debug.xcconfig */ = {isa = PBXFileReference; includeInIndex = 1; lastKnownFileType = text.xcconfig; name = "Pods-BSBDJ.debug.xcconfig"; path = "Pods/Target Support Files/Pods-BSBDJ/Pods-BSBDJ.debug.xcconfig"; sourceTree = "<group>"; };
		0DAC2D4F38ADA2D60AD9889F /* Pods_BSBDJ.framework */ = {isa = PBXFileReference; explicitFileType = wrapper.framework; includeInIndex = 0; path = Pods_BSBDJ.framework; sourceTree = BUILT_PRODUCTS_DIR; };
		7F5E81681CFACCDC00A64150 /* BSBDJ.app */ = {isa = PBXFileReference; explicitFileType = wrapper.application; includeInIndex = 0; path = BSBDJ.app; sourceTree = BUILT_PRODUCTS_DIR; };
		7F5E816C1CFACCDC00A64150 /* main.m */ = {isa = PBXFileReference; lastKnownFileType = sourcecode.c.objc; path = main.m; sourceTree = "<group>"; };
		7F5E81771CFACCDC00A64150 /* Assets.xcassets */ = {isa = PBXFileReference; lastKnownFileType = folder.assetcatalog; path = Assets.xcassets; sourceTree = "<group>"; };
		7F5E817C1CFACCDC00A64150 /* Info.plist */ = {isa = PBXFileReference; lastKnownFileType = text.plist.xml; path = Info.plist; sourceTree = "<group>"; };
		7F5E81811CFACCDC00A64150 /* BSBDJTests.xctest */ = {isa = PBXFileReference; explicitFileType = wrapper.cfbundle; includeInIndex = 0; path = BSBDJTests.xctest; sourceTree = BUILT_PRODUCTS_DIR; };
		7F5E81851CFACCDC00A64150 /* BSBDJTests.m */ = {isa = PBXFileReference; lastKnownFileType = sourcecode.c.objc; path = BSBDJTests.m; sourceTree = "<group>"; };
		7F5E81871CFACCDC00A64150 /* Info.plist */ = {isa = PBXFileReference; lastKnownFileType = text.plist.xml; path = Info.plist; sourceTree = "<group>"; };
		7F5E818C1CFACCDC00A64150 /* BSBDJUITests.xctest */ = {isa = PBXFileReference; explicitFileType = wrapper.cfbundle; includeInIndex = 0; path = BSBDJUITests.xctest; sourceTree = BUILT_PRODUCTS_DIR; };
		7F5E81901CFACCDC00A64150 /* BSBDJUITests.m */ = {isa = PBXFileReference; lastKnownFileType = sourcecode.c.objc; path = BSBDJUITests.m; sourceTree = "<group>"; };
		7F5E81921CFACCDC00A64150 /* Info.plist */ = {isa = PBXFileReference; lastKnownFileType = text.plist.xml; path = Info.plist; sourceTree = "<group>"; };
		7F5E81A01CFAD08900A64150 /* AppDelegate.h */ = {isa = PBXFileReference; fileEncoding = 4; lastKnownFileType = sourcecode.c.h; path = AppDelegate.h; sourceTree = "<group>"; };
		7F5E81A11CFAD08900A64150 /* AppDelegate.m */ = {isa = PBXFileReference; fileEncoding = 4; lastKnownFileType = sourcecode.c.objc; path = AppDelegate.m; sourceTree = "<group>"; };
		7F5E81BA1CFAD15300A64150 /* TabBarController.h */ = {isa = PBXFileReference; fileEncoding = 4; lastKnownFileType = sourcecode.c.h; path = TabBarController.h; sourceTree = "<group>"; };
		7F5E81BB1CFAD15300A64150 /* TabBarController.m */ = {isa = PBXFileReference; fileEncoding = 4; lastKnownFileType = sourcecode.c.objc; path = TabBarController.m; sourceTree = "<group>"; };
		7F5E81BD1CFAD2D400A64150 /* NavigationController.h */ = {isa = PBXFileReference; fileEncoding = 4; lastKnownFileType = sourcecode.c.h; path = NavigationController.h; sourceTree = "<group>"; };
		7F5E81BE1CFAD2D400A64150 /* NavigationController.m */ = {isa = PBXFileReference; fileEncoding = 4; lastKnownFileType = sourcecode.c.objc; path = NavigationController.m; sourceTree = "<group>"; };
		7F5E81C01CFAD61400A64150 /* TabBar.h */ = {isa = PBXFileReference; fileEncoding = 4; lastKnownFileType = sourcecode.c.h; path = TabBar.h; sourceTree = "<group>"; };
		7F5E81C11CFAD61400A64150 /* TabBar.m */ = {isa = PBXFileReference; fileEncoding = 4; lastKnownFileType = sourcecode.c.objc; path = TabBar.m; sourceTree = "<group>"; };
		7F5E81C91CFADAA900A64150 /* PrefixHeader.pch */ = {isa = PBXFileReference; fileEncoding = 4; lastKnownFileType = sourcecode.c.h; path = PrefixHeader.pch; sourceTree = "<group>"; };
		7F5E81CA1CFADFE900A64150 /* Const.h */ = {isa = PBXFileReference; fileEncoding = 4; lastKnownFileType = sourcecode.c.h; path = Const.h; sourceTree = "<group>"; };
		7F5E81CB1CFADFE900A64150 /* Const.m */ = {isa = PBXFileReference; fileEncoding = 4; lastKnownFileType = sourcecode.c.objc; path = Const.m; sourceTree = "<group>"; };
		7F5E81CD1CFAE22100A64150 /* EssenceViewController.h */ = {isa = PBXFileReference; fileEncoding = 4; lastKnownFileType = sourcecode.c.h; path = EssenceViewController.h; sourceTree = "<group>"; };
		7F5E81CE1CFAE22100A64150 /* EssenceViewController.m */ = {isa = PBXFileReference; fileEncoding = 4; lastKnownFileType = sourcecode.c.objc; path = EssenceViewController.m; sourceTree = "<group>"; };
		7F5E81D01CFAE23600A64150 /* FollowViewController.h */ = {isa = PBXFileReference; fileEncoding = 4; lastKnownFileType = sourcecode.c.h; path = FollowViewController.h; sourceTree = "<group>"; };
		7F5E81D11CFAE23600A64150 /* FollowViewController.m */ = {isa = PBXFileReference; fileEncoding = 4; lastKnownFileType = sourcecode.c.objc; path = FollowViewController.m; sourceTree = "<group>"; };
		7F5E81D31CFAE24700A64150 /* MeViewController.h */ = {isa = PBXFileReference; fileEncoding = 4; lastKnownFileType = sourcecode.c.h; path = MeViewController.h; sourceTree = "<group>"; };
		7F5E81D41CFAE24700A64150 /* MeViewController.m */ = {isa = PBXFileReference; fileEncoding = 4; lastKnownFileType = sourcecode.c.objc; path = MeViewController.m; sourceTree = "<group>"; };
		7F5E81D61CFAE25900A64150 /* CommentViewController.h */ = {isa = PBXFileReference; fileEncoding = 4; lastKnownFileType = sourcecode.c.h; path = CommentViewController.h; sourceTree = "<group>"; };
		7F5E81D71CFAE25900A64150 /* CommentViewController.m */ = {isa = PBXFileReference; fileEncoding = 4; lastKnownFileType = sourcecode.c.objc; path = CommentViewController.m; sourceTree = "<group>"; };
		7F5E81D91CFAE2DD00A64150 /* NewViewController.h */ = {isa = PBXFileReference; fileEncoding = 4; lastKnownFileType = sourcecode.c.h; path = NewViewController.h; sourceTree = "<group>"; };
		7F5E81DA1CFAE2DD00A64150 /* NewViewController.m */ = {isa = PBXFileReference; fileEncoding = 4; lastKnownFileType = sourcecode.c.objc; path = NewViewController.m; sourceTree = "<group>"; };
		7F5E81E01CFAEAE900A64150 /* UIBarButtonItem+Extension.h */ = {isa = PBXFileReference; fileEncoding = 4; lastKnownFileType = sourcecode.c.h; path = "UIBarButtonItem+Extension.h"; sourceTree = "<group>"; };
		7F5E81E11CFAEAE900A64150 /* UIBarButtonItem+Extension.m */ = {isa = PBXFileReference; fileEncoding = 4; lastKnownFileType = sourcecode.c.objc; path = "UIBarButtonItem+Extension.m"; sourceTree = "<group>"; };
		7F5E81E21CFAEAE900A64150 /* UIView+Frame.h */ = {isa = PBXFileReference; fileEncoding = 4; lastKnownFileType = sourcecode.c.h; path = "UIView+Frame.h"; sourceTree = "<group>"; };
		7F5E81E31CFAEAE900A64150 /* UIView+Frame.m */ = {isa = PBXFileReference; fileEncoding = 4; lastKnownFileType = sourcecode.c.objc; path = "UIView+Frame.m"; sourceTree = "<group>"; };
		7F5E81E61CFB17D600A64150 /* MeCell.h */ = {isa = PBXFileReference; fileEncoding = 4; lastKnownFileType = sourcecode.c.h; path = MeCell.h; sourceTree = "<group>"; };
		7F5E81E71CFB17D600A64150 /* MeCell.m */ = {isa = PBXFileReference; fileEncoding = 4; lastKnownFileType = sourcecode.c.objc; path = MeCell.m; sourceTree = "<group>"; };
		7F5E81EC1CFB1EE100A64150 /* MeFooterView.h */ = {isa = PBXFileReference; fileEncoding = 4; lastKnownFileType = sourcecode.c.h; path = MeFooterView.h; sourceTree = "<group>"; };
		7F5E81ED1CFB1EE100A64150 /* MeFooterView.m */ = {isa = PBXFileReference; fileEncoding = 4; lastKnownFileType = sourcecode.c.objc; path = MeFooterView.m; sourceTree = "<group>"; };
		7F5E81EF1CFB254700A64150 /* MeModel.h */ = {isa = PBXFileReference; fileEncoding = 4; lastKnownFileType = sourcecode.c.h; path = MeModel.h; sourceTree = "<group>"; };
		7F5E81F01CFB254700A64150 /* MeModel.m */ = {isa = PBXFileReference; fileEncoding = 4; lastKnownFileType = sourcecode.c.objc; path = MeModel.m; sourceTree = "<group>"; };
		7F5E81F21CFB37BB00A64150 /* MeSguareButton.h */ = {isa = PBXFileReference; fileEncoding = 4; lastKnownFileType = sourcecode.c.h; path = MeSguareButton.h; sourceTree = "<group>"; };
		7F5E81F31CFB37BB00A64150 /* MeSguareButton.m */ = {isa = PBXFileReference; fileEncoding = 4; lastKnownFileType = sourcecode.c.objc; path = MeSguareButton.m; sourceTree = "<group>"; };
		7F5E81F51CFB419C00A64150 /* MeWebViewController.h */ = {isa = PBXFileReference; fileEncoding = 4; lastKnownFileType = sourcecode.c.h; path = MeWebViewController.h; sourceTree = "<group>"; };
		7F5E81F61CFB419C00A64150 /* MeWebViewController.m */ = {isa = PBXFileReference; fileEncoding = 4; lastKnownFileType = sourcecode.c.objc; path = MeWebViewController.m; sourceTree = "<group>"; };
		7F5E81F71CFB419C00A64150 /* MeWebViewController.xib */ = {isa = PBXFileReference; fileEncoding = 4; lastKnownFileType = file.xib; path = MeWebViewController.xib; sourceTree = "<group>"; };
		EAC48910F1E1285406E66656 /* Pods-BSBDJ.release.xcconfig */ = {isa = PBXFileReference; includeInIndex = 1; lastKnownFileType = text.xcconfig; name = "Pods-BSBDJ.release.xcconfig"; path = "Pods/Target Support Files/Pods-BSBDJ/Pods-BSBDJ.release.xcconfig"; sourceTree = "<group>"; };
/* End PBXFileReference section */

/* Begin PBXFrameworksBuildPhase section */
		7F5E81651CFACCDC00A64150 /* Frameworks */ = {
			isa = PBXFrameworksBuildPhase;
			buildActionMask = 2147483647;
			files = (
				BD80FD11569E4AB7A957D852 /* Pods_BSBDJ.framework in Frameworks */,
			);
			runOnlyForDeploymentPostprocessing = 0;
		};
		7F5E817E1CFACCDC00A64150 /* Frameworks */ = {
			isa = PBXFrameworksBuildPhase;
			buildActionMask = 2147483647;
			files = (
			);
			runOnlyForDeploymentPostprocessing = 0;
		};
		7F5E81891CFACCDC00A64150 /* Frameworks */ = {
			isa = PBXFrameworksBuildPhase;
			buildActionMask = 2147483647;
			files = (
			);
			runOnlyForDeploymentPostprocessing = 0;
		};
/* End PBXFrameworksBuildPhase section */

/* Begin PBXGroup section */
		7F5E815F1CFACCDC00A64150 = {
			isa = PBXGroup;
			children = (
				7F5E816A1CFACCDC00A64150 /* BSBDJ */,
				7F5E81841CFACCDC00A64150 /* BSBDJTests */,
				7F5E818F1CFACCDC00A64150 /* BSBDJUITests */,
				7F5E81691CFACCDC00A64150 /* Products */,
				99D40F088F55CA45C283C437 /* Pods */,
				F53B894EBE8664D39A69294C /* Frameworks */,
			);
			sourceTree = "<group>";
		};
		7F5E81691CFACCDC00A64150 /* Products */ = {
			isa = PBXGroup;
			children = (
				7F5E81681CFACCDC00A64150 /* BSBDJ.app */,
				7F5E81811CFACCDC00A64150 /* BSBDJTests.xctest */,
				7F5E818C1CFACCDC00A64150 /* BSBDJUITests.xctest */,
			);
			name = Products;
			sourceTree = "<group>";
		};
		7F5E816A1CFACCDC00A64150 /* BSBDJ */ = {
			isa = PBXGroup;
			children = (
				7F5E819E1CFAD08900A64150 /* Classes */,
				7F5E81771CFACCDC00A64150 /* Assets.xcassets */,
				7F5E817C1CFACCDC00A64150 /* Info.plist */,
				7F5E816B1CFACCDC00A64150 /* Supporting Files */,
				7F5E81C91CFADAA900A64150 /* PrefixHeader.pch */,
			);
			path = BSBDJ;
			sourceTree = "<group>";
		};
		7F5E816B1CFACCDC00A64150 /* Supporting Files */ = {
			isa = PBXGroup;
			children = (
				7F5E816C1CFACCDC00A64150 /* main.m */,
			);
			name = "Supporting Files";
			sourceTree = "<group>";
		};
		7F5E81841CFACCDC00A64150 /* BSBDJTests */ = {
			isa = PBXGroup;
			children = (
				7F5E81851CFACCDC00A64150 /* BSBDJTests.m */,
				7F5E81871CFACCDC00A64150 /* Info.plist */,
			);
			path = BSBDJTests;
			sourceTree = "<group>";
		};
		7F5E818F1CFACCDC00A64150 /* BSBDJUITests */ = {
			isa = PBXGroup;
			children = (
				7F5E81901CFACCDC00A64150 /* BSBDJUITests.m */,
				7F5E81921CFACCDC00A64150 /* Info.plist */,
			);
			path = BSBDJUITests;
			sourceTree = "<group>";
		};
		7F5E819E1CFAD08900A64150 /* Classes */ = {
			isa = PBXGroup;
			children = (
				7F5E819F1CFAD08900A64150 /* AppDelegate */,
				7F5E81A61CFAD08900A64150 /* Common */,
				7F5E81A71CFAD08900A64150 /* Essence */,
				7F5E81B31CFAD08900A64150 /* New */,
				7F5E81AB1CFAD08900A64150 /* Follow */,
				7F5E81AF1CFAD08900A64150 /* Me */,
				7F5E81B71CFAD08900A64150 /* Utility */,
				7F5E81A21CFAD08900A64150 /* Comment */,
				7F5E81B81CFAD08900A64150 /* Vendors */,
			);
			path = Classes;
			sourceTree = "<group>";
		};
		7F5E819F1CFAD08900A64150 /* AppDelegate */ = {
			isa = PBXGroup;
			children = (
				7F5E81A01CFAD08900A64150 /* AppDelegate.h */,
				7F5E81A11CFAD08900A64150 /* AppDelegate.m */,
			);
			path = AppDelegate;
			sourceTree = "<group>";
		};
		7F5E81A21CFAD08900A64150 /* Comment */ = {
			isa = PBXGroup;
			children = (
				7F5E81A31CFAD08900A64150 /* Controller */,
				7F5E81A41CFAD08900A64150 /* Model */,
				7F5E81A51CFAD08900A64150 /* View */,
			);
			path = Comment;
			sourceTree = "<group>";
		};
		7F5E81A31CFAD08900A64150 /* Controller */ = {
			isa = PBXGroup;
			children = (
				7F5E81D61CFAE25900A64150 /* CommentViewController.h */,
				7F5E81D71CFAE25900A64150 /* CommentViewController.m */,
			);
			path = Controller;
			sourceTree = "<group>";
		};
		7F5E81A41CFAD08900A64150 /* Model */ = {
			isa = PBXGroup;
			children = (
			);
			path = Model;
			sourceTree = "<group>";
		};
		7F5E81A51CFAD08900A64150 /* View */ = {
			isa = PBXGroup;
			children = (
			);
			path = View;
			sourceTree = "<group>";
		};
		7F5E81A61CFAD08900A64150 /* Common */ = {
			isa = PBXGroup;
			children = (
				7F5E81DF1CFAEAE900A64150 /* Category */,
				7F5E81BA1CFAD15300A64150 /* TabBarController.h */,
				7F5E81BB1CFAD15300A64150 /* TabBarController.m */,
				7F5E81BD1CFAD2D400A64150 /* NavigationController.h */,
				7F5E81BE1CFAD2D400A64150 /* NavigationController.m */,
				7F5E81C01CFAD61400A64150 /* TabBar.h */,
				7F5E81C11CFAD61400A64150 /* TabBar.m */,
				7F5E81CA1CFADFE900A64150 /* Const.h */,
				7F5E81CB1CFADFE900A64150 /* Const.m */,
			);
			path = Common;
			sourceTree = "<group>";
		};
		7F5E81A71CFAD08900A64150 /* Essence */ = {
			isa = PBXGroup;
			children = (
				7F5E81A81CFAD08900A64150 /* Controller */,
				7F5E81A91CFAD08900A64150 /* Model */,
				7F5E81AA1CFAD08900A64150 /* View */,
			);
			path = Essence;
			sourceTree = "<group>";
		};
		7F5E81A81CFAD08900A64150 /* Controller */ = {
			isa = PBXGroup;
			children = (
				7F5E81CD1CFAE22100A64150 /* EssenceViewController.h */,
				7F5E81CE1CFAE22100A64150 /* EssenceViewController.m */,
			);
			path = Controller;
			sourceTree = "<group>";
		};
		7F5E81A91CFAD08900A64150 /* Model */ = {
			isa = PBXGroup;
			children = (
			);
			path = Model;
			sourceTree = "<group>";
		};
		7F5E81AA1CFAD08900A64150 /* View */ = {
			isa = PBXGroup;
			children = (
			);
			path = View;
			sourceTree = "<group>";
		};
		7F5E81AB1CFAD08900A64150 /* Follow */ = {
			isa = PBXGroup;
			children = (
				7F5E81AC1CFAD08900A64150 /* Controller */,
				7F5E81AD1CFAD08900A64150 /* Model */,
				7F5E81AE1CFAD08900A64150 /* View */,
			);
			path = Follow;
			sourceTree = "<group>";
		};
		7F5E81AC1CFAD08900A64150 /* Controller */ = {
			isa = PBXGroup;
			children = (
				7F5E81D01CFAE23600A64150 /* FollowViewController.h */,
				7F5E81D11CFAE23600A64150 /* FollowViewController.m */,
			);
			path = Controller;
			sourceTree = "<group>";
		};
		7F5E81AD1CFAD08900A64150 /* Model */ = {
			isa = PBXGroup;
			children = (
			);
			path = Model;
			sourceTree = "<group>";
		};
		7F5E81AE1CFAD08900A64150 /* View */ = {
			isa = PBXGroup;
			children = (
			);
			path = View;
			sourceTree = "<group>";
		};
		7F5E81AF1CFAD08900A64150 /* Me */ = {
			isa = PBXGroup;
			children = (
				7F5E81B01CFAD08900A64150 /* Controller */,
				7F5E81B11CFAD08900A64150 /* Model */,
				7F5E81B21CFAD08900A64150 /* View */,
			);
			path = Me;
			sourceTree = "<group>";
		};
		7F5E81B01CFAD08900A64150 /* Controller */ = {
			isa = PBXGroup;
			children = (
				7F5E81D31CFAE24700A64150 /* MeViewController.h */,
				7F5E81D41CFAE24700A64150 /* MeViewController.m */,
				7F5E81F51CFB419C00A64150 /* MeWebViewController.h */,
				7F5E81F61CFB419C00A64150 /* MeWebViewController.m */,
				7F5E81F71CFB419C00A64150 /* MeWebViewController.xib */,
			);
			path = Controller;
			sourceTree = "<group>";
		};
		7F5E81B11CFAD08900A64150 /* Model */ = {
			isa = PBXGroup;
			children = (
				7F5E81EF1CFB254700A64150 /* MeModel.h */,
				7F5E81F01CFB254700A64150 /* MeModel.m */,
			);
			path = Model;
			sourceTree = "<group>";
		};
		7F5E81B21CFAD08900A64150 /* View */ = {
			isa = PBXGroup;
			children = (
				7F5E81E61CFB17D600A64150 /* MeCell.h */,
				7F5E81E71CFB17D600A64150 /* MeCell.m */,
				7F5E81EC1CFB1EE100A64150 /* MeFooterView.h */,
				7F5E81ED1CFB1EE100A64150 /* MeFooterView.m */,
				7F5E81F21CFB37BB00A64150 /* MeSguareButton.h */,
				7F5E81F31CFB37BB00A64150 /* MeSguareButton.m */,
			);
			path = View;
			sourceTree = "<group>";
		};
		7F5E81B31CFAD08900A64150 /* New */ = {
			isa = PBXGroup;
			children = (
				7F5E81B41CFAD08900A64150 /* Controller */,
				7F5E81B51CFAD08900A64150 /* Model */,
				7F5E81B61CFAD08900A64150 /* View */,
			);
			path = New;
			sourceTree = "<group>";
		};
		7F5E81B41CFAD08900A64150 /* Controller */ = {
			isa = PBXGroup;
			children = (
				7F5E81D91CFAE2DD00A64150 /* NewViewController.h */,
				7F5E81DA1CFAE2DD00A64150 /* NewViewController.m */,
			);
			path = Controller;
			sourceTree = "<group>";
		};
		7F5E81B51CFAD08900A64150 /* Model */ = {
			isa = PBXGroup;
			children = (
			);
			path = Model;
			sourceTree = "<group>";
		};
		7F5E81B61CFAD08900A64150 /* View */ = {
			isa = PBXGroup;
			children = (
			);
			path = View;
			sourceTree = "<group>";
		};
		7F5E81B71CFAD08900A64150 /* Utility */ = {
			isa = PBXGroup;
			children = (
			);
			path = Utility;
			sourceTree = "<group>";
		};
		7F5E81B81CFAD08900A64150 /* Vendors */ = {
			isa = PBXGroup;
			children = (
			);
			path = Vendors;
			sourceTree = "<group>";
		};
		7F5E81DF1CFAEAE900A64150 /* Category */ = {
			isa = PBXGroup;
			children = (
				7F5E81E01CFAEAE900A64150 /* UIBarButtonItem+Extension.h */,
				7F5E81E11CFAEAE900A64150 /* UIBarButtonItem+Extension.m */,
				7F5E81E21CFAEAE900A64150 /* UIView+Frame.h */,
				7F5E81E31CFAEAE900A64150 /* UIView+Frame.m */,
			);
			path = Category;
			sourceTree = "<group>";
		};
		99D40F088F55CA45C283C437 /* Pods */ = {
			isa = PBXGroup;
			children = (
				06F18AAB1C96CE5207210992 /* Pods-BSBDJ.debug.xcconfig */,
				EAC48910F1E1285406E66656 /* Pods-BSBDJ.release.xcconfig */,
			);
			name = Pods;
			sourceTree = "<group>";
		};
		F53B894EBE8664D39A69294C /* Frameworks */ = {
			isa = PBXGroup;
			children = (
				0DAC2D4F38ADA2D60AD9889F /* Pods_BSBDJ.framework */,
			);
			name = Frameworks;
			sourceTree = "<group>";
		};
/* End PBXGroup section */

/* Begin PBXNativeTarget section */
		7F5E81671CFACCDC00A64150 /* BSBDJ */ = {
			isa = PBXNativeTarget;
			buildConfigurationList = 7F5E81951CFACCDC00A64150 /* Build configuration list for PBXNativeTarget "BSBDJ" */;
			buildPhases = (
				2305AFCC2820FFA1F5807E14 /* 📦 Check Pods Manifest.lock */,
				7F5E81641CFACCDC00A64150 /* Sources */,
				7F5E81651CFACCDC00A64150 /* Frameworks */,
				7F5E81661CFACCDC00A64150 /* Resources */,
				2FFC5BA970E57A9F9602DF5F /* 📦 Embed Pods Frameworks */,
				1FEF324C344A5967829085E2 /* 📦 Copy Pods Resources */,
			);
			buildRules = (
			);
			dependencies = (
			);
			name = BSBDJ;
			productName = BSBDJ;
			productReference = 7F5E81681CFACCDC00A64150 /* BSBDJ.app */;
			productType = "com.apple.product-type.application";
		};
		7F5E81801CFACCDC00A64150 /* BSBDJTests */ = {
			isa = PBXNativeTarget;
			buildConfigurationList = 7F5E81981CFACCDC00A64150 /* Build configuration list for PBXNativeTarget "BSBDJTests" */;
			buildPhases = (
				7F5E817D1CFACCDC00A64150 /* Sources */,
				7F5E817E1CFACCDC00A64150 /* Frameworks */,
				7F5E817F1CFACCDC00A64150 /* Resources */,
			);
			buildRules = (
			);
			dependencies = (
				7F5E81831CFACCDC00A64150 /* PBXTargetDependency */,
			);
			name = BSBDJTests;
			productName = BSBDJTests;
			productReference = 7F5E81811CFACCDC00A64150 /* BSBDJTests.xctest */;
			productType = "com.apple.product-type.bundle.unit-test";
		};
		7F5E818B1CFACCDC00A64150 /* BSBDJUITests */ = {
			isa = PBXNativeTarget;
			buildConfigurationList = 7F5E819B1CFACCDC00A64150 /* Build configuration list for PBXNativeTarget "BSBDJUITests" */;
			buildPhases = (
				7F5E81881CFACCDC00A64150 /* Sources */,
				7F5E81891CFACCDC00A64150 /* Frameworks */,
				7F5E818A1CFACCDC00A64150 /* Resources */,
			);
			buildRules = (
			);
			dependencies = (
				7F5E818E1CFACCDC00A64150 /* PBXTargetDependency */,
			);
			name = BSBDJUITests;
			productName = BSBDJUITests;
			productReference = 7F5E818C1CFACCDC00A64150 /* BSBDJUITests.xctest */;
			productType = "com.apple.product-type.bundle.ui-testing";
		};
/* End PBXNativeTarget section */

/* Begin PBXProject section */
		7F5E81601CFACCDC00A64150 /* Project object */ = {
			isa = PBXProject;
			attributes = {
				LastUpgradeCheck = 0730;
				ORGANIZATIONNAME = yahaong;
				TargetAttributes = {
					7F5E81671CFACCDC00A64150 = {
						CreatedOnToolsVersion = 7.3.1;
					};
					7F5E81801CFACCDC00A64150 = {
						CreatedOnToolsVersion = 7.3.1;
						TestTargetID = 7F5E81671CFACCDC00A64150;
					};
					7F5E818B1CFACCDC00A64150 = {
						CreatedOnToolsVersion = 7.3.1;
						TestTargetID = 7F5E81671CFACCDC00A64150;
					};
				};
			};
			buildConfigurationList = 7F5E81631CFACCDC00A64150 /* Build configuration list for PBXProject "BSBDJ" */;
			compatibilityVersion = "Xcode 3.2";
			developmentRegion = English;
			hasScannedForEncodings = 0;
			knownRegions = (
				en,
				Base,
			);
			mainGroup = 7F5E815F1CFACCDC00A64150;
			productRefGroup = 7F5E81691CFACCDC00A64150 /* Products */;
			projectDirPath = "";
			projectRoot = "";
			targets = (
				7F5E81671CFACCDC00A64150 /* BSBDJ */,
				7F5E81801CFACCDC00A64150 /* BSBDJTests */,
				7F5E818B1CFACCDC00A64150 /* BSBDJUITests */,
			);
		};
/* End PBXProject section */

/* Begin PBXResourcesBuildPhase section */
		7F5E81661CFACCDC00A64150 /* Resources */ = {
			isa = PBXResourcesBuildPhase;
			buildActionMask = 2147483647;
			files = (
				7F5E81781CFACCDC00A64150 /* Assets.xcassets in Resources */,
				7F5E81F91CFB419C00A64150 /* MeWebViewController.xib in Resources */,
			);
			runOnlyForDeploymentPostprocessing = 0;
		};
		7F5E817F1CFACCDC00A64150 /* Resources */ = {
			isa = PBXResourcesBuildPhase;
			buildActionMask = 2147483647;
			files = (
			);
			runOnlyForDeploymentPostprocessing = 0;
		};
		7F5E818A1CFACCDC00A64150 /* Resources */ = {
			isa = PBXResourcesBuildPhase;
			buildActionMask = 2147483647;
			files = (
			);
			runOnlyForDeploymentPostprocessing = 0;
		};
/* End PBXResourcesBuildPhase section */

/* Begin PBXShellScriptBuildPhase section */
		1FEF324C344A5967829085E2 /* 📦 Copy Pods Resources */ = {
			isa = PBXShellScriptBuildPhase;
			buildActionMask = 2147483647;
			files = (
			);
			inputPaths = (
			);
			name = "📦 Copy Pods Resources";
			outputPaths = (
			);
			runOnlyForDeploymentPostprocessing = 0;
			shellPath = /bin/sh;
			shellScript = "\"${SRCROOT}/Pods/Target Support Files/Pods-BSBDJ/Pods-BSBDJ-resources.sh\"\n";
			showEnvVarsInLog = 0;
		};
		2305AFCC2820FFA1F5807E14 /* 📦 Check Pods Manifest.lock */ = {
			isa = PBXShellScriptBuildPhase;
			buildActionMask = 2147483647;
			files = (
			);
			inputPaths = (
			);
			name = "📦 Check Pods Manifest.lock";
			outputPaths = (
			);
			runOnlyForDeploymentPostprocessing = 0;
			shellPath = /bin/sh;
			shellScript = "diff \"${PODS_ROOT}/../Podfile.lock\" \"${PODS_ROOT}/Manifest.lock\" > /dev/null\nif [[ $? != 0 ]] ; then\n    cat << EOM\nerror: The sandbox is not in sync with the Podfile.lock. Run 'pod install' or update your CocoaPods installation.\nEOM\n    exit 1\nfi\n";
			showEnvVarsInLog = 0;
		};
		2FFC5BA970E57A9F9602DF5F /* 📦 Embed Pods Frameworks */ = {
			isa = PBXShellScriptBuildPhase;
			buildActionMask = 2147483647;
			files = (
			);
			inputPaths = (
			);
			name = "📦 Embed Pods Frameworks";
			outputPaths = (
			);
			runOnlyForDeploymentPostprocessing = 0;
			shellPath = /bin/sh;
			shellScript = "\"${SRCROOT}/Pods/Target Support Files/Pods-BSBDJ/Pods-BSBDJ-frameworks.sh\"\n";
			showEnvVarsInLog = 0;
		};
/* End PBXShellScriptBuildPhase section */

/* Begin PBXSourcesBuildPhase section */
		7F5E81641CFACCDC00A64150 /* Sources */ = {
			isa = PBXSourcesBuildPhase;
			buildActionMask = 2147483647;
			files = (
				7F5E81E41CFAEAE900A64150 /* UIBarButtonItem+Extension.m in Sources */,
				7F5E81E81CFB17D600A64150 /* MeCell.m in Sources */,
				7F5E81EE1CFB1EE100A64150 /* MeFooterView.m in Sources */,
				7F5E81F41CFB37BB00A64150 /* MeSguareButton.m in Sources */,
				7F5E81C21CFAD61400A64150 /* TabBar.m in Sources */,
				7F5E81BC1CFAD15300A64150 /* TabBarController.m in Sources */,
				7F5E81DB1CFAE2DD00A64150 /* NewViewController.m in Sources */,
				7F5E81BF1CFAD2D400A64150 /* NavigationController.m in Sources */,
				7F5E81F11CFB254700A64150 /* MeModel.m in Sources */,
				7F5E81E51CFAEAE900A64150 /* UIView+Frame.m in Sources */,
				7F5E81D51CFAE24700A64150 /* MeViewController.m in Sources */,
				7F5E81CC1CFADFE900A64150 /* Const.m in Sources */,
				7F5E81B91CFAD08900A64150 /* AppDelegate.m in Sources */,
				7F5E81F81CFB419C00A64150 /* MeWebViewController.m in Sources */,
				7F5E816D1CFACCDC00A64150 /* main.m in Sources */,
				7F5E81D81CFAE25900A64150 /* CommentViewController.m in Sources */,
				7F5E81CF1CFAE22100A64150 /* EssenceViewController.m in Sources */,
				7F5E81D21CFAE23600A64150 /* FollowViewController.m in Sources */,
			);
			runOnlyForDeploymentPostprocessing = 0;
		};
		7F5E817D1CFACCDC00A64150 /* Sources */ = {
			isa = PBXSourcesBuildPhase;
			buildActionMask = 2147483647;
			files = (
				7F5E81861CFACCDC00A64150 /* BSBDJTests.m in Sources */,
			);
			runOnlyForDeploymentPostprocessing = 0;
		};
		7F5E81881CFACCDC00A64150 /* Sources */ = {
			isa = PBXSourcesBuildPhase;
			buildActionMask = 2147483647;
			files = (
				7F5E81911CFACCDC00A64150 /* BSBDJUITests.m in Sources */,
			);
			runOnlyForDeploymentPostprocessing = 0;
		};
/* End PBXSourcesBuildPhase section */

/* Begin PBXTargetDependency section */
		7F5E81831CFACCDC00A64150 /* PBXTargetDependency */ = {
			isa = PBXTargetDependency;
			target = 7F5E81671CFACCDC00A64150 /* BSBDJ */;
			targetProxy = 7F5E81821CFACCDC00A64150 /* PBXContainerItemProxy */;
		};
		7F5E818E1CFACCDC00A64150 /* PBXTargetDependency */ = {
			isa = PBXTargetDependency;
			target = 7F5E81671CFACCDC00A64150 /* BSBDJ */;
			targetProxy = 7F5E818D1CFACCDC00A64150 /* PBXContainerItemProxy */;
		};
/* End PBXTargetDependency section */

/* Begin XCBuildConfiguration section */
		7F5E81931CFACCDC00A64150 /* Debug */ = {
			isa = XCBuildConfiguration;
			buildSettings = {
				ALWAYS_SEARCH_USER_PATHS = NO;
				CLANG_ANALYZER_NONNULL = YES;
				CLANG_CXX_LANGUAGE_STANDARD = "gnu++0x";
				CLANG_CXX_LIBRARY = "libc++";
				CLANG_ENABLE_MODULES = YES;
				CLANG_ENABLE_OBJC_ARC = YES;
				CLANG_WARN_BOOL_CONVERSION = YES;
				CLANG_WARN_CONSTANT_CONVERSION = YES;
				CLANG_WARN_DIRECT_OBJC_ISA_USAGE = YES_ERROR;
				CLANG_WARN_EMPTY_BODY = YES;
				CLANG_WARN_ENUM_CONVERSION = YES;
				CLANG_WARN_INT_CONVERSION = YES;
				CLANG_WARN_OBJC_ROOT_CLASS = YES_ERROR;
				CLANG_WARN_UNREACHABLE_CODE = YES;
				CLANG_WARN__DUPLICATE_METHOD_MATCH = YES;
				"CODE_SIGN_IDENTITY[sdk=iphoneos*]" = "iPhone Developer";
				COPY_PHASE_STRIP = NO;
				DEBUG_INFORMATION_FORMAT = dwarf;
				ENABLE_STRICT_OBJC_MSGSEND = YES;
				ENABLE_TESTABILITY = YES;
				GCC_C_LANGUAGE_STANDARD = gnu99;
				GCC_DYNAMIC_NO_PIC = NO;
				GCC_NO_COMMON_BLOCKS = YES;
				GCC_OPTIMIZATION_LEVEL = 0;
				GCC_PREPROCESSOR_DEFINITIONS = (
					"DEBUG=1",
					"$(inherited)",
				);
				GCC_WARN_64_TO_32_BIT_CONVERSION = YES;
				GCC_WARN_ABOUT_RETURN_TYPE = YES_ERROR;
				GCC_WARN_UNDECLARED_SELECTOR = YES;
				GCC_WARN_UNINITIALIZED_AUTOS = YES_AGGRESSIVE;
				GCC_WARN_UNUSED_FUNCTION = YES;
				GCC_WARN_UNUSED_VARIABLE = YES;
				IPHONEOS_DEPLOYMENT_TARGET = 9.3;
				MTL_ENABLE_DEBUG_INFO = YES;
				ONLY_ACTIVE_ARCH = YES;
				SDKROOT = iphoneos;
			};
			name = Debug;
		};
		7F5E81941CFACCDC00A64150 /* Release */ = {
			isa = XCBuildConfiguration;
			buildSettings = {
				ALWAYS_SEARCH_USER_PATHS = NO;
				CLANG_ANALYZER_NONNULL = YES;
				CLANG_CXX_LANGUAGE_STANDARD = "gnu++0x";
				CLANG_CXX_LIBRARY = "libc++";
				CLANG_ENABLE_MODULES = YES;
				CLANG_ENABLE_OBJC_ARC = YES;
				CLANG_WARN_BOOL_CONVERSION = YES;
				CLANG_WARN_CONSTANT_CONVERSION = YES;
				CLANG_WARN_DIRECT_OBJC_ISA_USAGE = YES_ERROR;
				CLANG_WARN_EMPTY_BODY = YES;
				CLANG_WARN_ENUM_CONVERSION = YES;
				CLANG_WARN_INT_CONVERSION = YES;
				CLANG_WARN_OBJC_ROOT_CLASS = YES_ERROR;
				CLANG_WARN_UNREACHABLE_CODE = YES;
				CLANG_WARN__DUPLICATE_METHOD_MATCH = YES;
				"CODE_SIGN_IDENTITY[sdk=iphoneos*]" = "iPhone Developer";
				COPY_PHASE_STRIP = NO;
				DEBUG_INFORMATION_FORMAT = "dwarf-with-dsym";
				ENABLE_NS_ASSERTIONS = NO;
				ENABLE_STRICT_OBJC_MSGSEND = YES;
				GCC_C_LANGUAGE_STANDARD = gnu99;
				GCC_NO_COMMON_BLOCKS = YES;
				GCC_WARN_64_TO_32_BIT_CONVERSION = YES;
				GCC_WARN_ABOUT_RETURN_TYPE = YES_ERROR;
				GCC_WARN_UNDECLARED_SELECTOR = YES;
				GCC_WARN_UNINITIALIZED_AUTOS = YES_AGGRESSIVE;
				GCC_WARN_UNUSED_FUNCTION = YES;
				GCC_WARN_UNUSED_VARIABLE = YES;
				IPHONEOS_DEPLOYMENT_TARGET = 9.3;
				MTL_ENABLE_DEBUG_INFO = NO;
				SDKROOT = iphoneos;
				VALIDATE_PRODUCT = YES;
			};
			name = Release;
		};
		7F5E81961CFACCDC00A64150 /* Debug */ = {
			isa = XCBuildConfiguration;
			baseConfigurationReference = 06F18AAB1C96CE5207210992 /* Pods-BSBDJ.debug.xcconfig */;
			buildSettings = {
				ASSETCATALOG_COMPILER_APPICON_NAME = AppIcon;
				ASSETCATALOG_COMPILER_LAUNCHIMAGE_NAME = "Brand Assets";
				GCC_PREFIX_HEADER = BSBDJ/PrefixHeader.pch;
				INFOPLIST_FILE = BSBDJ/Info.plist;
				IPHONEOS_DEPLOYMENT_TARGET = 8.0;
				LD_RUNPATH_SEARCH_PATHS = "$(inherited) @executable_path/Frameworks";
				PRODUCT_BUNDLE_IDENTIFIER = yahaong.github.io.BSBDJ;
				PRODUCT_NAME = "$(TARGET_NAME)";
			};
			name = Debug;
		};
		7F5E81971CFACCDC00A64150 /* Release */ = {
			isa = XCBuildConfiguration;
			baseConfigurationReference = EAC48910F1E1285406E66656 /* Pods-BSBDJ.release.xcconfig */;
			buildSettings = {
				ASSETCATALOG_COMPILER_APPICON_NAME = AppIcon;
				ASSETCATALOG_COMPILER_LAUNCHIMAGE_NAME = "Brand Assets";
				GCC_PREFIX_HEADER = BSBDJ/PrefixHeader.pch;
				INFOPLIST_FILE = BSBDJ/Info.plist;
				IPHONEOS_DEPLOYMENT_TARGET = 8.0;
				LD_RUNPATH_SEARCH_PATHS = "$(inherited) @executable_path/Frameworks";
				PRODUCT_BUNDLE_IDENTIFIER = yahaong.github.io.BSBDJ;
				PRODUCT_NAME = "$(TARGET_NAME)";
			};
			name = Release;
		};
		7F5E81991CFACCDC00A64150 /* Debug */ = {
			isa = XCBuildConfiguration;
			buildSettings = {
				BUNDLE_LOADER = "$(TEST_HOST)";
				INFOPLIST_FILE = BSBDJTests/Info.plist;
				LD_RUNPATH_SEARCH_PATHS = "$(inherited) @executable_path/Frameworks @loader_path/Frameworks";
				PRODUCT_BUNDLE_IDENTIFIER = yahaong.github.io.BSBDJTests;
				PRODUCT_NAME = "$(TARGET_NAME)";
				TEST_HOST = "$(BUILT_PRODUCTS_DIR)/BSBDJ.app/BSBDJ";
			};
			name = Debug;
		};
		7F5E819A1CFACCDC00A64150 /* Release */ = {
			isa = XCBuildConfiguration;
			buildSettings = {
				BUNDLE_LOADER = "$(TEST_HOST)";
				INFOPLIST_FILE = BSBDJTests/Info.plist;
				LD_RUNPATH_SEARCH_PATHS = "$(inherited) @executable_path/Frameworks @loader_path/Frameworks";
				PRODUCT_BUNDLE_IDENTIFIER = yahaong.github.io.BSBDJTests;
				PRODUCT_NAME = "$(TARGET_NAME)";
				TEST_HOST = "$(BUILT_PRODUCTS_DIR)/BSBDJ.app/BSBDJ";
			};
			name = Release;
		};
		7F5E819C1CFACCDC00A64150 /* Debug */ = {
			isa = XCBuildConfiguration;
			buildSettings = {
				INFOPLIST_FILE = BSBDJUITests/Info.plist;
				LD_RUNPATH_SEARCH_PATHS = "$(inherited) @executable_path/Frameworks @loader_path/Frameworks";
				PRODUCT_BUNDLE_IDENTIFIER = yahaong.github.io.BSBDJUITests;
				PRODUCT_NAME = "$(TARGET_NAME)";
				TEST_TARGET_NAME = BSBDJ;
			};
			name = Debug;
		};
		7F5E819D1CFACCDC00A64150 /* Release */ = {
			isa = XCBuildConfiguration;
			buildSettings = {
				INFOPLIST_FILE = BSBDJUITests/Info.plist;
				LD_RUNPATH_SEARCH_PATHS = "$(inherited) @executable_path/Frameworks @loader_path/Frameworks";
				PRODUCT_BUNDLE_IDENTIFIER = yahaong.github.io.BSBDJUITests;
				PRODUCT_NAME = "$(TARGET_NAME)";
				TEST_TARGET_NAME = BSBDJ;
			};
			name = Release;
		};
/* End XCBuildConfiguration section */

/* Begin XCConfigurationList section */
		7F5E81631CFACCDC00A64150 /* Build configuration list for PBXProject "BSBDJ" */ = {
			isa = XCConfigurationList;
			buildConfigurations = (
				7F5E81931CFACCDC00A64150 /* Debug */,
				7F5E81941CFACCDC00A64150 /* Release */,
			);
			defaultConfigurationIsVisible = 0;
			defaultConfigurationName = Release;
		};
		7F5E81951CFACCDC00A64150 /* Build configuration list for PBXNativeTarget "BSBDJ" */ = {
			isa = XCConfigurationList;
			buildConfigurations = (
				7F5E81961CFACCDC00A64150 /* Debug */,
				7F5E81971CFACCDC00A64150 /* Release */,
			);
			defaultConfigurationIsVisible = 0;
			defaultConfigurationName = Release;
		};
		7F5E81981CFACCDC00A64150 /* Build configuration list for PBXNativeTarget "BSBDJTests" */ = {
			isa = XCConfigurationList;
			buildConfigurations = (
				7F5E81991CFACCDC00A64150 /* Debug */,
				7F5E819A1CFACCDC00A64150 /* Release */,
			);
			defaultConfigurationIsVisible = 0;
			defaultConfigurationName = Release;
		};
		7F5E819B1CFACCDC00A64150 /* Build configuration list for PBXNativeTarget "BSBDJUITests" */ = {
			isa = XCConfigurationList;
			buildConfigurations = (
				7F5E819C1CFACCDC00A64150 /* Debug */,
				7F5E819D1CFACCDC00A64150 /* Release */,
			);
			defaultConfigurationIsVisible = 0;
			defaultConfigurationName = Release;
		};
/* End XCConfigurationList section */
	};
	rootObject = 7F5E81601CFACCDC00A64150 /* Project object */;
}
